
Microsoft Visual Studio Solution File, Format Version 12.00
# Visual Studio Version 17
VisualStudioVersion = 17.5.33414.496
MinimumVisualStudioVersion = 10.0.40219.1
Project("{FAE04EC0-301F-11D3-BF4B-00C04F79EFBC}") = "VMKL2k-2023-03-03", "VMKL2k-2023-03-03\VMKL2k-2023-03-03.csproj", "{8F51F882-7A46-432C-AD45-94F8C72BFC0C}"
EndProject
Global
	GlobalSection(SolutionConfigurationPlatforms) = preSolution
		Debug|Any CPU = Debug|Any CPU
		Release|Any CPU = Release|Any CPU
	EndGlobalSection
	GlobalSection(ProjectConfigurationPlatforms) = postSolution
		{8F51F882-7A46-432C-AD45-94F8C72BFC0C}.Debug|Any CPU.ActiveCfg = Debug|Any CPU
		{8F51F882-7A46-432C-AD45-94F8C72BFC0C}.Debug|Any CPU.Build.0 = Debug|Any CPU
		{8F51F882-7A46-432C-AD45-94F8C72BFC0C}.Release|Any CPU.ActiveCfg = Release|Any CPU
		{8F51F882-7A46-432C-AD45-94F8C72BFC0C}.Release|Any CPU.Build.0 = Release|Any CPU
	EndGlobalSection
	GlobalSection(SolutionProperties) = preSolution
		HideSolutionNode = FALSE
	EndGlobalSection
	GlobalSection(ExtensibilityGlobals) = postSolution
		SolutionGuid = {D057AF10-EB77-44E6-824B-A8E8A009A1C7}
	EndGlobalSection
EndGlobal
